Microsoft Visual Studio Solution File, Format Version 12.00
# Visual Studio Version 16
VisualStudioVersion = 16.0.29609.76
MinimumVisualStudioVersion = 10.0.40219.1
Project("{FAE04EC0-301F-11D3-BF4B-00C04F79EFBC}") = "Nbody.Gui", "Nbody.Gui.csproj", "{29850AAD-20BF-4A46-8DEB-4F0E666B6F87}"
EndProject
Project("{9A19103F-16F7-4668-BE54-9A1E7A4F7556}") = "Nbody.Godot.Run", "..\Nbody.Godot.Run\Nbody.Godot.Run.csproj", "{E96507D6-BA49-4AA9-9E80-AB7B59BE9019}"
EndProject
Global
	GlobalSection(SolutionConfigurationPlatforms) = preSolution
		Debug|Any CPU = Debug|Any CPU
		Release|Any CPU = Release|Any CPU
		Tools|Any CPU = Tools|Any CPU
	EndGlobalSection
	GlobalSection(ProjectConfigurationPlatforms) = postSolution
		{29850AAD-20BF-4A46-8DEB-4F0E666B6F87}.Debug|Any CPU.ActiveCfg = Debug|Any CPU
		{29850AAD-20BF-4A46-8DEB-4F0E666B6F87}.Debug|Any CPU.Build.0 = Debug|Any CPU
		{29850AAD-20BF-4A46-8DEB-4F0E666B6F87}.Release|Any CPU.ActiveCfg = Release|Any CPU
		{29850AAD-20BF-4A46-8DEB-4F0E666B6F87}.Release|Any CPU.Build.0 = Release|Any CPU
		{29850AAD-20BF-4A46-8DEB-4F0E666B6F87}.Tools|Any CPU.ActiveCfg = Tools|Any CPU
		{29850AAD-20BF-4A46-8DEB-4F0E666B6F87}.Tools|Any CPU.Build.0 = Tools|Any CPU
		{E96507D6-BA49-4AA9-9E80-AB7B59BE9019}.Debug|Any CPU.ActiveCfg = Debug|Any CPU
		{E96507D6-BA49-4AA9-9E80-AB7B59BE9019}.Debug|Any CPU.Build.0 = Debug|Any CPU
		{E96507D6-BA49-4AA9-9E80-AB7B59BE9019}.Release|Any CPU.ActiveCfg = Release|Any CPU
		{E96507D6-BA49-4AA9-9E80-AB7B59BE9019}.Release|Any CPU.Build.0 = Release|Any CPU
		{E96507D6-BA49-4AA9-9E80-AB7B59BE9019}.Tools|Any CPU.ActiveCfg = Debug|Any CPU
		{E96507D6-BA49-4AA9-9E80-AB7B59BE9019}.Tools|Any CPU.Build.0 = Debug|Any CPU
	EndGlobalSection
	GlobalSection(SolutionProperties) = preSolution
		HideSolutionNode = FALSE
	EndGlobalSection
	GlobalSection(ExtensibilityGlobals) = postSolution
		SolutionGuid = {B7AF8BAD-F6B3-4A14-B554-4264A8F94883}
	EndGlobalSection
EndGlobal
